
Microsoft Visual Studio Solution File, Format Version 12.00
# Visual Studio 15
VisualStudioVersion = 15.0.27703.2026
MinimumVisualStudioVersion = 10.0.40219.1
Project("{FAE04EC0-301F-11D3-BF4B-00C04F79EFBC}") = "Woof.Deployment", "Woof.Deployment.csproj", "{BE26DA83-923C-4160-BF26-9F2BE3BCA7D9}"
EndProject
Project("{FAE04EC0-301F-11D3-BF4B-00C04F79EFBC}") = "Woof.Deployment.Tests", "Tests\Woof.Deployment.Tests.csproj", "{D3CA95CA-6956-40D3-80D1-BC1D40BDFAB3}"
EndProject
Global
	GlobalSection(SolutionConfigurationPlatforms) = preSolution
		Debug|Any CPU = Debug|Any CPU
		Release|Any CPU = Release|Any CPU
	EndGlobalSection
	GlobalSection(ProjectConfigurationPlatforms) = postSolution
		{BE26DA83-923C-4160-BF26-9F2BE3BCA7D9}.Debug|Any CPU.ActiveCfg = Debug|Any CPU
		{BE26DA83-923C-4160-BF26-9F2BE3BCA7D9}.Debug|Any CPU.Build.0 = Debug|Any CPU
		{BE26DA83-923C-4160-BF26-9F2BE3BCA7D9}.Release|Any CPU.ActiveCfg = Release|Any CPU
		{BE26DA83-923C-4160-BF26-9F2BE3BCA7D9}.Release|Any CPU.Build.0 = Release|Any CPU
		{D3CA95CA-6956-40D3-80D1-BC1D40BDFAB3}.Debug|Any CPU.ActiveCfg = Debug|Any CPU
		{D3CA95CA-6956-40D3-80D1-BC1D40BDFAB3}.Debug|Any CPU.Build.0 = Debug|Any CPU
		{D3CA95CA-6956-40D3-80D1-BC1D40BDFAB3}.Release|Any CPU.ActiveCfg = Release|Any CPU
		{D3CA95CA-6956-40D3-80D1-BC1D40BDFAB3}.Release|Any CPU.Build.0 = Release|Any CPU
	EndGlobalSection
	GlobalSection(SolutionProperties) = preSolution
		HideSolutionNode = FALSE
	EndGlobalSection
	GlobalSection(ExtensibilityGlobals) = postSolution
		SolutionGuid = {76984453-C1D8-45ED-850F-88A24A051F91}
	EndGlobalSection
EndGlobal
